
Microsoft Visual Studio Solution File, Format Version 12.00
# Visual Studio Version 16
VisualStudioVersion = 16.0.810.9
MinimumVisualStudioVersion = 10.0.40219.1
Project("{FAE04EC0-301F-11D3-BF4B-00C04F79EFBC}") = "RecruitCatCardoneNew", "RecruitCatCardoneNew\RecruitCatCardoneNew.csproj", "{CCE5544C-6227-4D1E-A544-54A16D0D3009}"
EndProject
Global
	GlobalSection(SolutionConfigurationPlatforms) = preSolution
		Debug|Any CPU = Debug|Any CPU
		Release|Any CPU = Release|Any CPU
	EndGlobalSection
	GlobalSection(ProjectConfigurationPlatforms) = postSolution
		{CCE5544C-6227-4D1E-A544-54A16D0D3009}.Debug|Any CPU.ActiveCfg = Debug|Any CPU
		{CCE5544C-6227-4D1E-A544-54A16D0D3009}.Debug|Any CPU.Build.0 = Debug|Any CPU
		{CCE5544C-6227-4D1E-A544-54A16D0D3009}.Release|Any CPU.ActiveCfg = Release|Any CPU
		{CCE5544C-6227-4D1E-A544-54A16D0D3009}.Release|Any CPU.Build.0 = Release|Any CPU
	EndGlobalSection
	GlobalSection(SolutionProperties) = preSolution
		HideSolutionNode = FALSE
	EndGlobalSection
	GlobalSection(ExtensibilityGlobals) = postSolution
		SolutionGuid = {EBAEEB7C-EA22-45B3-9726-C6E6195D13AF}
	EndGlobalSection
EndGlobal
